
Microsoft Visual Studio Solution File, Format Version 12.00
# Visual Studio Version 16
VisualStudioVersion = 16.0.29613.14
MinimumVisualStudioVersion = 10.0.40219.1
Project("{FAE04EC0-301F-11D3-BF4B-00C04F79EFBC}") = "ExploreTrips.Android", "ExploreTrips.Android\ExploreTrips.Android.csproj", "{6D3A6A62-6A46-46D2-B765-32D5064D620A}"
EndProject
Project("{FAE04EC0-301F-11D3-BF4B-00C04F79EFBC}") = "ExploreTrips.iOS", "ExploreTrips.iOS\ExploreTrips.iOS.csproj", "{B494E7C2-A63B-4E08-9048-8087F1732F37}"
EndProject
Project("{FAE04EC0-301F-11D3-BF4B-00C04F79EFBC}") = "ExploreTrips", "ExploreTrips\ExploreTrips.csproj", "{3E50EFAE-6534-43A9-BEA5-A21C84F45A38}"
EndProject
Global
	GlobalSection(SolutionConfigurationPlatforms) = preSolution
		Debug|Any CPU = Debug|Any CPU
		Debug|iPhone = Debug|iPhone
		Debug|iPhoneSimulator = Debug|iPhoneSimulator
		Release|Any CPU = Release|Any CPU
		Release|iPhone = Release|iPhone
		Release|iPhoneSimulator = Release|iPhoneSimulator
	EndGlobalSection
	GlobalSection(ProjectConfigurationPlatforms) = postSolution
		{6D3A6A62-6A46-46D2-B765-32D5064D620A}.Debug|Any CPU.ActiveCfg = Debug|Any CPU
		{6D3A6A62-6A46-46D2-B765-32D5064D620A}.Debug|Any CPU.Build.0 = Debug|Any CPU
		{6D3A6A62-6A46-46D2-B765-32D5064D620A}.Debug|Any CPU.Deploy.0 = Debug|Any CPU
		{6D3A6A62-6A46-46D2-B765-32D5064D620A}.Debug|iPhone.ActiveCfg = Debug|Any CPU
		{6D3A6A62-6A46-46D2-B765-32D5064D620A}.Debug|iPhone.Build.0 = Debug|Any CPU
		{6D3A6A62-6A46-46D2-B765-32D5064D620A}.Debug|iPhone.Deploy.0 = Debug|Any CPU
		{6D3A6A62-6A46-46D2-B765-32D5064D620A}.Debug|iPhoneSimulator.ActiveCfg = Debug|Any CPU
		{6D3A6A62-6A46-46D2-B765-32D5064D620A}.Debug|iPhoneSimulator.Build.0 = Debug|Any CPU
		{6D3A6A62-6A46-46D2-B765-32D5064D620A}.Debug|iPhoneSimulator.Deploy.0 = Debug|Any CPU
		{6D3A6A62-6A46-46D2-B765-32D5064D620A}.Release|Any CPU.ActiveCfg = Release|Any CPU
		{6D3A6A62-6A46-46D2-B765-32D5064D620A}.Release|Any CPU.Build.0 = Release|Any CPU
		{6D3A6A62-6A46-46D2-B765-32D5064D620A}.Release|Any CPU.Deploy.0 = Release|Any CPU
		{6D3A6A62-6A46-46D2-B765-32D5064D620A}.Release|iPhone.ActiveCfg = Release|Any CPU
		{6D3A6A62-6A46-46D2-B765-32D5064D620A}.Release|iPhone.Build.0 = Release|Any CPU
		{6D3A6A62-6A46-46D2-B765-32D5064D620A}.Release|iPhone.Deploy.0 = Release|Any CPU
		{6D3A6A62-6A46-46D2-B765-32D5064D620A}.Release|iPhoneSimulator.ActiveCfg = Release|Any CPU
		{6D3A6A62-6A46-46D2-B765-32D5064D620A}.Release|iPhoneSimulator.Build.0 = Release|Any CPU
		{6D3A6A62-6A46-46D2-B765-32D5064D620A}.Release|iPhoneSimulator.Deploy.0 = Release|Any CPU
		{B494E7C2-A63B-4E08-9048-8087F1732F37}.Debug|Any CPU.ActiveCfg = Debug|iPhoneSimulator
		{B494E7C2-A63B-4E08-9048-8087F1732F37}.Debug|Any CPU.Build.0 = Debug|iPhoneSimulator
		{B494E7C2-A63B-4E08-9048-8087F1732F37}.Debug|Any CPU.Deploy.0 = Debug|iPhoneSimulator
		{B494E7C2-A63B-4E08-9048-8087F1732F37}.Debug|iPhone.ActiveCfg = Debug|iPhone
		{B494E7C2-A63B-4E08-9048-8087F1732F37}.Debug|iPhone.Build.0 = Debug|iPhone
		{B494E7C2-A63B-4E08-9048-8087F1732F37}.Debug|iPhone.Deploy.0 = Debug|iPhone
		{B494E7C2-A63B-4E08-9048-8087F1732F37}.Debug|iPhoneSimulator.ActiveCfg = Debug|iPhoneSimulator
		{B494E7C2-A63B-4E08-9048-8087F1732F37}.Debug|iPhoneSimulator.Build.0 = Debug|iPhoneSimulator
		{B494E7C2-A63B-4E08-9048-8087F1732F37}.Debug|iPhoneSimulator.Deploy.0 = Debug|iPhoneSimulator
		{B494E7C2-A63B-4E08-9048-8087F1732F37}.Release|Any CPU.ActiveCfg = Release|iPhone
		{B494E7C2-A63B-4E08-9048-8087F1732F37}.Release|Any CPU.Build.0 = Release|iPhone
		{B494E7C2-A63B-4E08-9048-8087F1732F37}.Release|Any CPU.Deploy.0 = Release|iPhone
		{B494E7C2-A63B-4E08-9048-8087F1732F37}.Release|iPhone.ActiveCfg = Release|iPhone
		{B494E7C2-A63B-4E08-9048-8087F1732F37}.Release|iPhone.Build.0 = Release|iPhone
		{B494E7C2-A63B-4E08-9048-8087F1732F37}.Release|iPhone.Deploy.0 = Release|iPhone
		{B494E7C2-A63B-4E08-9048-8087F1732F37}.Release|iPhoneSimulator.ActiveCfg = Release|iPhoneSimulator
		{B494E7C2-A63B-4E08-9048-8087F1732F37}.Release|iPhoneSimulator.Build.0 = Release|iPhoneSimulator
		{B494E7C2-A63B-4E08-9048-8087F1732F37}.Release|iPhoneSimulator.Deploy.0 = Release|iPhoneSimulator
		{3E50EFAE-6534-43A9-BEA5-A21C84F45A38}.Debug|Any CPU.ActiveCfg = Debug|Any CPU
		{3E50EFAE-6534-43A9-BEA5-A21C84F45A38}.Debug|Any CPU.Build.0 = Debug|Any CPU
		{3E50EFAE-6534-43A9-BEA5-A21C84F45A38}.Debug|Any CPU.Deploy.0 = Debug|Any CPU
		{3E50EFAE-6534-43A9-BEA5-A21C84F45A38}.Debug|iPhone.ActiveCfg = Debug|Any CPU
		{3E50EFAE-6534-43A9-BEA5-A21C84F45A38}.Debug|iPhone.Build.0 = Debug|Any CPU
		{3E50EFAE-6534-43A9-BEA5-A21C84F45A38}.Debug|iPhone.Deploy.0 = Debug|Any CPU
		{3E50EFAE-6534-43A9-BEA5-A21C84F45A38}.Debug|iPhoneSimulator.ActiveCfg = Debug|Any CPU
		{3E50EFAE-6534-43A9-BEA5-A21C84F45A38}.Debug|iPhoneSimulator.Build.0 = Debug|Any CPU
		{3E50EFAE-6534-43A9-BEA5-A21C84F45A38}.Debug|iPhoneSimulator.Deploy.0 = Debug|Any CPU
		{3E50EFAE-6534-43A9-BEA5-A21C84F45A38}.Release|Any CPU.ActiveCfg = Release|Any CPU
		{3E50EFAE-6534-43A9-BEA5-A21C84F45A38}.Release|Any CPU.Build.0 = Release|Any CPU
		{3E50EFAE-6534-43A9-BEA5-A21C84F45A38}.Release|Any CPU.Deploy.0 = Release|Any CPU
		{3E50EFAE-6534-43A9-BEA5-A21C84F45A38}.Release|iPhone.ActiveCfg = Release|Any CPU
		{3E50EFAE-6534-43A9-BEA5-A21C84F45A38}.Release|iPhone.Build.0 = Release|Any CPU
		{3E50EFAE-6534-43A9-BEA5-A21C84F45A38}.Release|iPhone.Deploy.0 = Release|Any CPU
		{3E50EFAE-6534-43A9-BEA5-A21C84F45A38}.Release|iPhoneSimulator.ActiveCfg = Release|Any CPU
		{3E50EFAE-6534-43A9-BEA5-A21C84F45A38}.Release|iPhoneSimulator.Build.0 = Release|Any CPU
		{3E50EFAE-6534-43A9-BEA5-A21C84F45A38}.Release|iPhoneSimulator.Deploy.0 = Release|Any CPU
	EndGlobalSection
	GlobalSection(SolutionProperties) = preSolution
		HideSolutionNode = FALSE
	EndGlobalSection
	GlobalSection(ExtensibilityGlobals) = postSolution
		SolutionGuid = {4176DCF2-3257-42BB-B0A8-835133DDF8F9}
	EndGlobalSection
EndGlobal
